
Microsoft Visual Studio Solution File, Format Version 12.00
# Visual Studio Version 16
VisualStudioVersion = 16.0.30907.101
MinimumVisualStudioVersion = 10.0.40219.1
Project("{FAE04EC0-301F-11D3-BF4B-00C04F79EFBC}") = "UserRegistration", "UserRegistration\UserRegistration.csproj", "{67AF4CB7-CF15-4361-AF66-933B4D2E990A}"
EndProject
Project("{FAE04EC0-301F-11D3-BF4B-00C04F79EFBC}") = "Userregistrationtest", "Userregistrationtest\Userregistrationtest.csproj", "{9154F566-F1C2-436D-B76D-8087CDB0E858}"
EndProject
Global
	GlobalSection(SolutionConfigurationPlatforms) = preSolution
		Debug|Any CPU = Debug|Any CPU
		Release|Any CPU = Release|Any CPU
	EndGlobalSection
	GlobalSection(ProjectConfigurationPlatforms) = postSolution
		{67AF4CB7-CF15-4361-AF66-933B4D2E990A}.Debug|Any CPU.ActiveCfg = Debug|Any CPU
		{67AF4CB7-CF15-4361-AF66-933B4D2E990A}.Debug|Any CPU.Build.0 = Debug|Any CPU
		{67AF4CB7-CF15-4361-AF66-933B4D2E990A}.Release|Any CPU.ActiveCfg = Release|Any CPU
		{67AF4CB7-CF15-4361-AF66-933B4D2E990A}.Release|Any CPU.Build.0 = Release|Any CPU
		{9154F566-F1C2-436D-B76D-8087CDB0E858}.Debug|Any CPU.ActiveCfg = Debug|Any CPU
		{9154F566-F1C2-436D-B76D-8087CDB0E858}.Debug|Any CPU.Build.0 = Debug|Any CPU
		{9154F566-F1C2-436D-B76D-8087CDB0E858}.Release|Any CPU.ActiveCfg = Release|Any CPU
		{9154F566-F1C2-436D-B76D-8087CDB0E858}.Release|Any CPU.Build.0 = Release|Any CPU
	EndGlobalSection
	GlobalSection(SolutionProperties) = preSolution
		HideSolutionNode = FALSE
	EndGlobalSection
	GlobalSection(ExtensibilityGlobals) = postSolution
		SolutionGuid = {CCC673DA-047E-4125-A235-3A9C0DF6FED2}
	EndGlobalSection
EndGlobal
